
Microsoft Visual Studio Solution File, Format Version 12.00
# Visual Studio Version 16
VisualStudioVersion = 16.0.29728.190
MinimumVisualStudioVersion = 10.0.40219.1
Project("{8BC9CEB8-8B4A-11D0-8D11-00A0C91BC942}") = "DBSrv", "Code\DBSrv\DBSrv.vcxproj", "{EE72652A-8073-4357-B51F-E1EBC0358952}"
EndProject
Project("{8BC9CEB8-8B4A-11D0-8D11-00A0C91BC942}") = "TMSrv", "Code\TMSrv\TMSrv.vcxproj", "{1729E469-5121-44D6-82E5-48D2381D3098}"
EndProject
Project("{2150E333-8FDC-42A3-9474-1A3956D46DE8}") = "Solution Items", "Solution Items", "{FAE7274D-7A03-42D8-829E-12721F07CC35}"
EndProject
Project("{8BC9CEB8-8B4A-11D0-8D11-00A0C91BC942}") = "W2GlobalPatch", "Code\W2GlobalPatch\W2GlobalPatch.vcxproj", "{B3006EEF-D97E-4A7C-914E-DBF2EF6288EB}"
EndProject
Project("{8BC9CEB8-8B4A-11D0-8D11-00A0C91BC942}") = "MobsConverter_759@763", "Code\ExpTool\ExpTool.vcxproj", "{F72A3A75-1A39-4049-967D-0E4866FE4087}"
EndProject
Project("{8BC9CEB8-8B4A-11D0-8D11-00A0C91BC942}") = "EDITAPPMOB", "Code\EDITAPPMOB\EDITAPPMOB.vcxproj", "{26AB342A-3CAB-4498-B9E3-E5708B4FB25F}"
EndProject
Project("{8BC9CEB8-8B4A-11D0-8D11-00A0C91BC942}") = "EDITAPPSHOP", "Code\EDITAPPSHOP\EDITAPPSHOP.vcxproj", "{395FF0A1-9E2F-44CB-AFC6-86E9396D04E7}"
EndProject
Project("{8BC9CEB8-8B4A-11D0-8D11-00A0C91BC942}") = "NPTool", "Code\NPTool\NPTool.vcxproj", "{66732FA2-A35E-4A78-B415-0E0DA1285D84}"
EndProject
Global
	GlobalSection(SolutionConfigurationPlatforms) = preSolution
		Debug|Win32 = Debug|Win32
		Debug|x64 = Debug|x64
		Release|Win32 = Release|Win32
		Release|x64 = Release|x64
		Release-Themida|Win32 = Release-Themida|Win32
		Release-Themida|x64 = Release-Themida|x64
	EndGlobalSection
	GlobalSection(ProjectConfigurationPlatforms) = postSolution
		{EE72652A-8073-4357-B51F-E1EBC0358952}.Debug|Win32.ActiveCfg = Debug|Win32
		{EE72652A-8073-4357-B51F-E1EBC0358952}.Debug|Win32.Build.0 = Debug|Win32
		{EE72652A-8073-4357-B51F-E1EBC0358952}.Debug|x64.ActiveCfg = Debug|Win32
		{EE72652A-8073-4357-B51F-E1EBC0358952}.Release|Win32.ActiveCfg = Release|Win32
		{EE72652A-8073-4357-B51F-E1EBC0358952}.Release|Win32.Build.0 = Release|Win32
		{EE72652A-8073-4357-B51F-E1EBC0358952}.Release|x64.ActiveCfg = Release|Win32
		{EE72652A-8073-4357-B51F-E1EBC0358952}.Release-Themida|Win32.ActiveCfg = Release|Win32
		{EE72652A-8073-4357-B51F-E1EBC0358952}.Release-Themida|Win32.Build.0 = Release|Win32
		{EE72652A-8073-4357-B51F-E1EBC0358952}.Release-Themida|x64.ActiveCfg = Release|Win32
		{EE72652A-8073-4357-B51F-E1EBC0358952}.Release-Themida|x64.Build.0 = Release|Win32
		{1729E469-5121-44D6-82E5-48D2381D3098}.Debug|Win32.ActiveCfg = Debug|Win32
		{1729E469-5121-44D6-82E5-48D2381D3098}.Debug|Win32.Build.0 = Debug|Win32
		{1729E469-5121-44D6-82E5-48D2381D3098}.Debug|x64.ActiveCfg = Debug|Win32
		{1729E469-5121-44D6-82E5-48D2381D3098}.Release|Win32.ActiveCfg = Release|Win32
		{1729E469-5121-44D6-82E5-48D2381D3098}.Release|Win32.Build.0 = Release|Win32
		{1729E469-5121-44D6-82E5-48D2381D3098}.Release|x64.ActiveCfg = Release|Win32
		{1729E469-5121-44D6-82E5-48D2381D3098}.Release-Themida|Win32.ActiveCfg = Release|Win32
		{1729E469-5121-44D6-82E5-48D2381D3098}.Release-Themida|Win32.Build.0 = Release|Win32
		{1729E469-5121-44D6-82E5-48D2381D3098}.Release-Themida|x64.ActiveCfg = Release|Win32
		{1729E469-5121-44D6-82E5-48D2381D3098}.Release-Themida|x64.Build.0 = Release|Win32
		{B3006EEF-D97E-4A7C-914E-DBF2EF6288EB}.Debug|Win32.ActiveCfg = Debug|Win32
		{B3006EEF-D97E-4A7C-914E-DBF2EF6288EB}.Debug|Win32.Build.0 = Debug|Win32
		{B3006EEF-D97E-4A7C-914E-DBF2EF6288EB}.Debug|x64.ActiveCfg = Debug|x64
		{B3006EEF-D97E-4A7C-914E-DBF2EF6288EB}.Debug|x64.Build.0 = Debug|x64
		{B3006EEF-D97E-4A7C-914E-DBF2EF6288EB}.Release|Win32.ActiveCfg = Release|Win32
		{B3006EEF-D97E-4A7C-914E-DBF2EF6288EB}.Release|Win32.Build.0 = Release|Win32
		{B3006EEF-D97E-4A7C-914E-DBF2EF6288EB}.Release|x64.ActiveCfg = Release|x64
		{B3006EEF-D97E-4A7C-914E-DBF2EF6288EB}.Release|x64.Build.0 = Release|x64
		{B3006EEF-D97E-4A7C-914E-DBF2EF6288EB}.Release-Themida|Win32.ActiveCfg = Release|Win32
		{B3006EEF-D97E-4A7C-914E-DBF2EF6288EB}.Release-Themida|Win32.Build.0 = Release|Win32
		{B3006EEF-D97E-4A7C-914E-DBF2EF6288EB}.Release-Themida|x64.ActiveCfg = Release|x64
		{B3006EEF-D97E-4A7C-914E-DBF2EF6288EB}.Release-Themida|x64.Build.0 = Release|x64
		{F72A3A75-1A39-4049-967D-0E4866FE4087}.Debug|Win32.ActiveCfg = Debug|Win32
		{F72A3A75-1A39-4049-967D-0E4866FE4087}.Debug|Win32.Build.0 = Debug|Win32
		{F72A3A75-1A39-4049-967D-0E4866FE4087}.Debug|x64.ActiveCfg = Debug|Win32
		{F72A3A75-1A39-4049-967D-0E4866FE4087}.Release|Win32.ActiveCfg = Release|Win32
		{F72A3A75-1A39-4049-967D-0E4866FE4087}.Release|Win32.Build.0 = Release|Win32
		{F72A3A75-1A39-4049-967D-0E4866FE4087}.Release|x64.ActiveCfg = Release|Win32
		{F72A3A75-1A39-4049-967D-0E4866FE4087}.Release-Themida|Win32.ActiveCfg = Release|Win32
		{F72A3A75-1A39-4049-967D-0E4866FE4087}.Release-Themida|Win32.Build.0 = Release|Win32
		{F72A3A75-1A39-4049-967D-0E4866FE4087}.Release-Themida|x64.ActiveCfg = Release|Win32
		{F72A3A75-1A39-4049-967D-0E4866FE4087}.Release-Themida|x64.Build.0 = Release|Win32
		{26AB342A-3CAB-4498-B9E3-E5708B4FB25F}.Debug|Win32.ActiveCfg = Debug|Win32
		{26AB342A-3CAB-4498-B9E3-E5708B4FB25F}.Debug|Win32.Build.0 = Debug|Win32
		{26AB342A-3CAB-4498-B9E3-E5708B4FB25F}.Debug|x64.ActiveCfg = Debug|Win32
		{26AB342A-3CAB-4498-B9E3-E5708B4FB25F}.Release|Win32.ActiveCfg = Release|Win32
		{26AB342A-3CAB-4498-B9E3-E5708B4FB25F}.Release|Win32.Build.0 = Release|Win32
		{26AB342A-3CAB-4498-B9E3-E5708B4FB25F}.Release|x64.ActiveCfg = Release|Win32
		{26AB342A-3CAB-4498-B9E3-E5708B4FB25F}.Release-Themida|Win32.ActiveCfg = Release|Win32
		{26AB342A-3CAB-4498-B9E3-E5708B4FB25F}.Release-Themida|Win32.Build.0 = Release|Win32
		{26AB342A-3CAB-4498-B9E3-E5708B4FB25F}.Release-Themida|x64.ActiveCfg = Release|Win32
		{26AB342A-3CAB-4498-B9E3-E5708B4FB25F}.Release-Themida|x64.Build.0 = Release|Win32
		{395FF0A1-9E2F-44CB-AFC6-86E9396D04E7}.Debug|Win32.ActiveCfg = Debug|Win32
		{395FF0A1-9E2F-44CB-AFC6-86E9396D04E7}.Debug|Win32.Build.0 = Debug|Win32
		{395FF0A1-9E2F-44CB-AFC6-86E9396D04E7}.Debug|x64.ActiveCfg = Debug|Win32
		{395FF0A1-9E2F-44CB-AFC6-86E9396D04E7}.Release|Win32.ActiveCfg = Release|Win32
		{395FF0A1-9E2F-44CB-AFC6-86E9396D04E7}.Release|Win32.Build.0 = Release|Win32
		{395FF0A1-9E2F-44CB-AFC6-86E9396D04E7}.Release|x64.ActiveCfg = Release|Win32
		{395FF0A1-9E2F-44CB-AFC6-86E9396D04E7}.Release-Themida|Win32.ActiveCfg = Release|Win32
		{395FF0A1-9E2F-44CB-AFC6-86E9396D04E7}.Release-Themida|Win32.Build.0 = Release|Win32
		{395FF0A1-9E2F-44CB-AFC6-86E9396D04E7}.Release-Themida|x64.ActiveCfg = Release|Win32
		{395FF0A1-9E2F-44CB-AFC6-86E9396D04E7}.Release-Themida|x64.Build.0 = Release|Win32
		{66732FA2-A35E-4A78-B415-0E0DA1285D84}.Debug|Win32.ActiveCfg = Debug|Win32
		{66732FA2-A35E-4A78-B415-0E0DA1285D84}.Debug|Win32.Build.0 = Debug|Win32
		{66732FA2-A35E-4A78-B415-0E0DA1285D84}.Debug|x64.ActiveCfg = Debug|Win32
		{66732FA2-A35E-4A78-B415-0E0DA1285D84}.Release|Win32.ActiveCfg = Release|Win32
		{66732FA2-A35E-4A78-B415-0E0DA1285D84}.Release|Win32.Build.0 = Release|Win32
		{66732FA2-A35E-4A78-B415-0E0DA1285D84}.Release|x64.ActiveCfg = Release|Win32
		{66732FA2-A35E-4A78-B415-0E0DA1285D84}.Release-Themida|Win32.ActiveCfg = Release|Win32
		{66732FA2-A35E-4A78-B415-0E0DA1285D84}.Release-Themida|Win32.Build.0 = Release|Win32
		{66732FA2-A35E-4A78-B415-0E0DA1285D84}.Release-Themida|x64.ActiveCfg = Release|Win32
		{66732FA2-A35E-4A78-B415-0E0DA1285D84}.Release-Themida|x64.Build.0 = Release|Win32
	EndGlobalSection
	GlobalSection(SolutionProperties) = preSolution
		HideSolutionNode = FALSE
	EndGlobalSection
	GlobalSection(NestedProjects) = preSolution
		{EE72652A-8073-4357-B51F-E1EBC0358952} = {FAE7274D-7A03-42D8-829E-12721F07CC35}
		{1729E469-5121-44D6-82E5-48D2381D3098} = {FAE7274D-7A03-42D8-829E-12721F07CC35}
		{B3006EEF-D97E-4A7C-914E-DBF2EF6288EB} = {FAE7274D-7A03-42D8-829E-12721F07CC35}
		{26AB342A-3CAB-4498-B9E3-E5708B4FB25F} = {FAE7274D-7A03-42D8-829E-12721F07CC35}
		{395FF0A1-9E2F-44CB-AFC6-86E9396D04E7} = {FAE7274D-7A03-42D8-829E-12721F07CC35}
	EndGlobalSection
	GlobalSection(ExtensibilityGlobals) = postSolution
		SolutionGuid = {3C766268-1F25-4B11-9CB1-AADCF037E9AC}
	EndGlobalSection
	GlobalSection(SubversionScc) = preSolution
		Svn-Managed = True
		Manager = AnkhSVN - Subversion Support for Visual Studio
	EndGlobalSection
EndGlobal
